// !$*UTF8*$!
{
	archiveVersion = 1;
	classes = {
	};
	objectVersion = 56;
	objects = {

/* Begin PBXBuildFile section */
		6565352C2BAB1F51008E4C44 /* RegexTextField.swift in Sources */ = {isa = PBXBuildFile; fileRef = 6565352B2BAB1F51008E4C44 /* RegexTextField.swift */; };
		6565352E2BAB1F8E008E4C44 /* RegexTextView.swift in Sources */ = {isa = PBXBuildFile; fileRef = 6565352D2BAB1F8E008E4C44 /* RegexTextView.swift */; };
		65AAA7F42BAD19F0007A5B15 /* UIViewController+Toast.swift in Sources */ = {isa = PBXBuildFile; fileRef = 65AAA7F32BAD19F0007A5B15 /* UIViewController+Toast.swift */; };
		65D649F72BAB85B600101622 /* UIView+Constraints.swift in Sources */ = {isa = PBXBuildFile; fileRef = 65D649F62BAB85B600101622 /* UIView+Constraints.swift */; };
		65E734FC2BAC76D600807CD5 /* RegexEvaluator.swift in Sources */ = {isa = PBXBuildFile; fileRef = 65E734FB2BAC76D600807CD5 /* RegexEvaluator.swift */; };
		65EBC8022BA9E16E004E4EF0 /* AppDelegate.swift in Sources */ = {isa = PBXBuildFile; fileRef = 65EBC8012BA9E16E004E4EF0 /* AppDelegate.swift */; };
		65EBC80B2BA9E16F004E4EF0 /* Assets.xcassets in Resources */ = {isa = PBXBuildFile; fileRef = 65EBC80A2BA9E16F004E4EF0 /* Assets.xcassets */; };
		65EBC80E2BA9E16F004E4EF0 /* LaunchScreen.storyboard in Resources */ = {isa = PBXBuildFile; fileRef = 65EBC80C2BA9E16F004E4EF0 /* LaunchScreen.storyboard */; };
		65EBC81C2BA9E1D6004E4EF0 /* RegexViewController.swift in Sources */ = {isa = PBXBuildFile; fileRef = 65EBC81B2BA9E1D6004E4EF0 /* RegexViewController.swift */; };
/* End PBXBuildFile section */

/* Begin PBXFileReference section */
		6565352B2BAB1F51008E4C44 /* RegexTextField.swift */ = {isa = PBXFileReference; lastKnownFileType = sourcecode.swift; path = RegexTextField.swift; sourceTree = "<group>"; };
		6565352D2BAB1F8E008E4C44 /* RegexTextView.swift */ = {isa = PBXFileReference; lastKnownFileType = sourcecode.swift; path = RegexTextView.swift; sourceTree = "<group>"; };
		65AAA7F32BAD19F0007A5B15 /* UIViewController+Toast.swift */ = {isa = PBXFileReference; lastKnownFileType = sourcecode.swift; path = "UIViewController+Toast.swift"; sourceTree = "<group>"; };
		65D649F62BAB85B600101622 /* UIView+Constraints.swift */ = {isa = PBXFileReference; lastKnownFileType = sourcecode.swift; path = "UIView+Constraints.swift"; sourceTree = "<group>"; };
		65E734FB2BAC76D600807CD5 /* RegexEvaluator.swift */ = {isa = PBXFileReference; lastKnownFileType = sourcecode.swift; path = RegexEvaluator.swift; sourceTree = "<group>"; };
		65EBC7FE2BA9E16E004E4EF0 /* regexy.app */ = {isa = PBXFileReference; explicitFileType = wrapper.application; includeInIndex = 0; path = regexy.app; sourceTree = BUILT_PRODUCTS_DIR; };
		65EBC8012BA9E16E004E4EF0 /* AppDelegate.swift */ = {isa = PBXFileReference; lastKnownFileType = sourcecode.swift; path = AppDelegate.swift; sourceTree = "<group>"; };
		65EBC80A2BA9E16F004E4EF0 /* Assets.xcassets */ = {isa = PBXFileReference; lastKnownFileType = folder.assetcatalog; path = Assets.xcassets; sourceTree = "<group>"; };
		65EBC80D2BA9E16F004E4EF0 /* Base */ = {isa = PBXFileReference; lastKnownFileType = file.storyboard; name = Base; path = Base.lproj/LaunchScreen.storyboard; sourceTree = "<group>"; };
		65EBC80F2BA9E16F004E4EF0 /* Info.plist */ = {isa = PBXFileReference; lastKnownFileType = text.plist.xml; path = Info.plist; sourceTree = "<group>"; };
		65EBC81B2BA9E1D6004E4EF0 /* RegexViewController.swift */ = {isa = PBXFileReference; lastKnownFileType = sourcecode.swift; path = RegexViewController.swift; sourceTree = "<group>"; };
/* End PBXFileReference section */

/* Begin PBXFrameworksBuildPhase section */
		65EBC7FB2BA9E16E004E4EF0 /* Frameworks */ = {
			isa = PBXFrameworksBuildPhase;
			buildActionMask = 2147483647;
			files = (
			);
			runOnlyForDeploymentPostprocessing = 0;
		};
/* End PBXFrameworksBuildPhase section */

/* Begin PBXGroup section */
		656535292BAB1F40008E4C44 /* Regex */ = {
			isa = PBXGroup;
			children = (
				65E734FB2BAC76D600807CD5 /* RegexEvaluator.swift */,
				65EBC81B2BA9E1D6004E4EF0 /* RegexViewController.swift */,
				6565352A2BAB1F45008E4C44 /* Components */,
			);
			path = Regex;
			sourceTree = "<group>";
		};
		6565352A2BAB1F45008E4C44 /* Components */ = {
			isa = PBXGroup;
			children = (
				6565352B2BAB1F51008E4C44 /* RegexTextField.swift */,
				6565352D2BAB1F8E008E4C44 /* RegexTextView.swift */,
			);
			path = Components;
			sourceTree = "<group>";
		};
		65D649F52BAB85A100101622 /* Extensions */ = {
			isa = PBXGroup;
			children = (
				65D649F62BAB85B600101622 /* UIView+Constraints.swift */,
				65AAA7F32BAD19F0007A5B15 /* UIViewController+Toast.swift */,
			);
			path = Extensions;
			sourceTree = "<group>";
		};
		65EBC7F52BA9E16E004E4EF0 = {
			isa = PBXGroup;
			children = (
				65EBC8002BA9E16E004E4EF0 /* regexy */,
				65EBC7FF2BA9E16E004E4EF0 /* Products */,
			);
			sourceTree = "<group>";
		};
		65EBC7FF2BA9E16E004E4EF0 /* Products */ = {
			isa = PBXGroup;
			children = (
				65EBC7FE2BA9E16E004E4EF0 /* regexy.app */,
			);
			name = Products;
			sourceTree = "<group>";
		};
		65EBC8002BA9E16E004E4EF0 /* regexy */ = {
			isa = PBXGroup;
			children = (
				65EBC8192BA9E19C004E4EF0 /* Application */,
				65EBC8182BA9E18E004E4EF0 /* Resources */,
				65D649F52BAB85A100101622 /* Extensions */,
				65EBC81A2BA9E1B9004E4EF0 /* Scenes */,
			);
			path = regexy;
			sourceTree = "<group>";
		};
		65EBC8182BA9E18E004E4EF0 /* Resources */ = {
			isa = PBXGroup;
			children = (
				65EBC80A2BA9E16F004E4EF0 /* Assets.xcassets */,
				65EBC80C2BA9E16F004E4EF0 /* LaunchScreen.storyboard */,
			);
			path = Resources;
			sourceTree = "<group>";
		};
		65EBC8192BA9E19C004E4EF0 /* Application */ = {
			isa = PBXGroup;
			children = (
				65EBC8012BA9E16E004E4EF0 /* AppDelegate.swift */,
				65EBC80F2BA9E16F004E4EF0 /* Info.plist */,
			);
			path = Application;
			sourceTree = "<group>";
		};
		65EBC81A2BA9E1B9004E4EF0 /* Scenes */ = {
			isa = PBXGroup;
			children = (
				656535292BAB1F40008E4C44 /* Regex */,
			);
			path = Scenes;
			sourceTree = "<group>";
		};
/* End PBXGroup section */

/* Begin PBXNativeTarget section */
		65EBC7FD2BA9E16E004E4EF0 /* regexy */ = {
			isa = PBXNativeTarget;
			buildConfigurationList = 65EBC8122BA9E16F004E4EF0 /* Build configuration list for PBXNativeTarget "regexy" */;
			buildPhases = (
				65EBC7FA2BA9E16E004E4EF0 /* Sources */,
				65EBC7FB2BA9E16E004E4EF0 /* Frameworks */,
				65EBC7FC2BA9E16E004E4EF0 /* Resources */,
			);
			buildRules = (
			);
			dependencies = (
			);
			name = regexy;
			productName = regexy;
			productReference = 65EBC7FE2BA9E16E004E4EF0 /* regexy.app */;
			productType = "com.apple.product-type.application";
		};
/* End PBXNativeTarget section */

/* Begin PBXProject section */
		65EBC7F62BA9E16E004E4EF0 /* Project object */ = {
			isa = PBXProject;
			attributes = {
				BuildIndependentTargetsInParallel = 1;
				LastSwiftUpdateCheck = 1520;
				LastUpgradeCheck = 1520;
				TargetAttributes = {
					65EBC7FD2BA9E16E004E4EF0 = {
						CreatedOnToolsVersion = 15.2;
					};
				};
			};
			buildConfigurationList = 65EBC7F92BA9E16E004E4EF0 /* Build configuration list for PBXProject "regexy" */;
			compatibilityVersion = "Xcode 14.0";
			developmentRegion = en;
			hasScannedForEncodings = 0;
			knownRegions = (
				en,
				Base,
			);
			mainGroup = 65EBC7F52BA9E16E004E4EF0;
			productRefGroup = 65EBC7FF2BA9E16E004E4EF0 /* Products */;
			projectDirPath = "";
			projectRoot = "";
			targets = (
				65EBC7FD2BA9E16E004E4EF0 /* regexy */,
			);
		};
/* End PBXProject section */

/* Begin PBXResourcesBuildPhase section */
		65EBC7FC2BA9E16E004E4EF0 /* Resources */ = {
			isa = PBXResourcesBuildPhase;
			buildActionMask = 2147483647;
			files = (
				65EBC80E2BA9E16F004E4EF0 /* LaunchScreen.storyboard in Resources */,
				65EBC80B2BA9E16F004E4EF0 /* Assets.xcassets in Resources */,
			);
			runOnlyForDeploymentPostprocessing = 0;
		};
/* End PBXResourcesBuildPhase section */

/* Begin PBXSourcesBuildPhase section */
		65EBC7FA2BA9E16E004E4EF0 /* Sources */ = {
			isa = PBXSourcesBuildPhase;
			buildActionMask = 2147483647;
			files = (
				6565352C2BAB1F51008E4C44 /* RegexTextField.swift in Sources */,
				6565352E2BAB1F8E008E4C44 /* RegexTextView.swift in Sources */,
				65D649F72BAB85B600101622 /* UIView+Constraints.swift in Sources */,
				65AAA7F42BAD19F0007A5B15 /* UIViewController+Toast.swift in Sources */,
				65E734FC2BAC76D600807CD5 /* RegexEvaluator.swift in Sources */,
				65EBC81C2BA9E1D6004E4EF0 /* RegexViewController.swift in Sources */,
				65EBC8022BA9E16E004E4EF0 /* AppDelegate.swift in Sources */,
			);
			runOnlyForDeploymentPostprocessing = 0;
		};
/* End PBXSourcesBuildPhase section */

/* Begin PBXVariantGroup section */
		65EBC80C2BA9E16F004E4EF0 /* LaunchScreen.storyboard */ = {
			isa = PBXVariantGroup;
			children = (
				65EBC80D2BA9E16F004E4EF0 /* Base */,
			);
			name = LaunchScreen.storyboard;
			sourceTree = "<group>";
		};
/* End PBXVariantGroup section */

/* Begin XCBuildConfiguration section */
		65EBC8102BA9E16F004E4EF0 /* Debug */ = {
			isa = XCBuildConfiguration;
			buildSettings = {
				ALWAYS_SEARCH_USER_PATHS = NO;
				ASSETCATALOG_COMPILER_GENERATE_SWIFT_ASSET_SYMBOL_EXTENSIONS = YES;
				CLANG_ANALYZER_NONNULL = YES;
				CLANG_ANALYZER_NUMBER_OBJECT_CONVERSION = YES_AGGRESSIVE;
				CLANG_CXX_LANGUAGE_STANDARD = "gnu++20";
				CLANG_ENABLE_MODULES = YES;
				CLANG_ENABLE_OBJC_ARC = YES;
				CLANG_ENABLE_OBJC_WEAK = YES;
				CLANG_WARN_BLOCK_CAPTURE_AUTORELEASING = YES;
				CLANG_WARN_BOOL_CONVERSION = YES;
				CLANG_WARN_COMMA = YES;
				CLANG_WARN_CONSTANT_CONVERSION = YES;
				CLANG_WARN_DEPRECATED_OBJC_IMPLEMENTATIONS = YES;
				CLANG_WARN_DIRECT_OBJC_ISA_USAGE = YES_ERROR;
				CLANG_WARN_DOCUMENTATION_COMMENTS = YES;
				CLANG_WARN_EMPTY_BODY = YES;
				CLANG_WARN_ENUM_CONVERSION = YES;
				CLANG_WARN_INFINITE_RECURSION = YES;
				CLANG_WARN_INT_CONVERSION = YES;
				CLANG_WARN_NON_LITERAL_NULL_CONVERSION = YES;
				CLANG_WARN_OBJC_IMPLICIT_RETAIN_SELF = YES;
				CLANG_WARN_OBJC_LITERAL_CONVERSION = YES;
				CLANG_WARN_OBJC_ROOT_CLASS = YES_ERROR;
				CLANG_WARN_QUOTED_INCLUDE_IN_FRAMEWORK_HEADER = YES;
				CLANG_WARN_RANGE_LOOP_ANALYSIS = YES;
				CLANG_WARN_STRICT_PROTOTYPES = YES;
				CLANG_WARN_SUSPICIOUS_MOVE = YES;
				CLANG_WARN_UNGUARDED_AVAILABILITY = YES_AGGRESSIVE;
				CLANG_WARN_UNREACHABLE_CODE = YES;
				CLANG_WARN__DUPLICATE_METHOD_MATCH = YES;
				COPY_PHASE_STRIP = NO;
				DEBUG_INFORMATION_FORMAT = dwarf;
				ENABLE_STRICT_OBJC_MSGSEND = YES;
				ENABLE_TESTABILITY = YES;
				ENABLE_USER_SCRIPT_SANDBOXING = YES;
				GCC_C_LANGUAGE_STANDARD = gnu17;
				GCC_DYNAMIC_NO_PIC = NO;
				GCC_NO_COMMON_BLOCKS = YES;
				GCC_OPTIMIZATION_LEVEL = 0;
				GCC_PREPROCESSOR_DEFINITIONS = (
					"DEBUG=1",
					"$(inherited)",
				);
				GCC_WARN_64_TO_32_BIT_CONVERSION = YES;
				GCC_WARN_ABOUT_RETURN_TYPE = YES_ERROR;
				GCC_WARN_UNDECLARED_SELECTOR = YES;
				GCC_WARN_UNINITIALIZED_AUTOS = YES_AGGRESSIVE;
				GCC_WARN_UNUSED_FUNCTION = YES;
				GCC_WARN_UNUSED_VARIABLE = YES;
				IPHONEOS_DEPLOYMENT_TARGET = 17.2;
				LOCALIZATION_PREFERS_STRING_CATALOGS = YES;
				MTL_ENABLE_DEBUG_INFO = INCLUDE_SOURCE;
				MTL_FAST_MATH = YES;
				ONLY_ACTIVE_ARCH = YES;
				SDKROOT = iphoneos;
				SWIFT_ACTIVE_COMPILATION_CONDITIONS = "DEBUG $(inherited)";
				SWIFT_OPTIMIZATION_LEVEL = "-Onone";
			};
			name = Debug;
		};
		65EBC8112BA9E16F004E4EF0 /* Release */ = {
			isa = XCBuildConfiguration;
			buildSettings = {
				ALWAYS_SEARCH_USER_PATHS = NO;
				ASSETCATALOG_COMPILER_GENERATE_SWIFT_ASSET_SYMBOL_EXTENSIONS = YES;
				CLANG_ANALYZER_NONNULL = YES;
				CLANG_ANALYZER_NUMBER_OBJECT_CONVERSION = YES_AGGRESSIVE;
				CLANG_CXX_LANGUAGE_STANDARD = "gnu++20";
				CLANG_ENABLE_MODULES = YES;
				CLANG_ENABLE_OBJC_ARC = YES;
				CLANG_ENABLE_OBJC_WEAK = YES;
				CLANG_WARN_BLOCK_CAPTURE_AUTORELEASING = YES;
				CLANG_WARN_BOOL_CONVERSION = YES;
				CLANG_WARN_COMMA = YES;
				CLANG_WARN_CONSTANT_CONVERSION = YES;
				CLANG_WARN_DEPRECATED_OBJC_IMPLEMENTATIONS = YES;
				CLANG_WARN_DIRECT_OBJC_ISA_USAGE = YES_ERROR;
				CLANG_WARN_DOCUMENTATION_COMMENTS = YES;
				CLANG_WARN_EMPTY_BODY = YES;
				CLANG_WARN_ENUM_CONVERSION = YES;
				CLANG_WARN_INFINITE_RECURSION = YES;
				CLANG_WARN_INT_CONVERSION = YES;
				CLANG_WARN_NON_LITERAL_NULL_CONVERSION = YES;
				CLANG_WARN_OBJC_IMPLICIT_RETAIN_SELF = YES;
				CLANG_WARN_OBJC_LITERAL_CONVERSION = YES;
				CLANG_WARN_OBJC_ROOT_CLASS = YES_ERROR;
				CLANG_WARN_QUOTED_INCLUDE_IN_FRAMEWORK_HEADER = YES;
				CLANG_WARN_RANGE_LOOP_ANALYSIS = YES;
				CLANG_WARN_STRICT_PROTOTYPES = YES;
				CLANG_WARN_SUSPICIOUS_MOVE = YES;
				CLANG_WARN_UNGUARDED_AVAILABILITY = YES_AGGRESSIVE;
				CLANG_WARN_UNREACHABLE_CODE = YES;
				CLANG_WARN__DUPLICATE_METHOD_MATCH = YES;
				COPY_PHASE_STRIP = NO;
				DEBUG_INFORMATION_FORMAT = "dwarf-with-dsym";
				ENABLE_NS_ASSERTIONS = NO;
				ENABLE_STRICT_OBJC_MSGSEND = YES;
				ENABLE_USER_SCRIPT_SANDBOXING = YES;
				GCC_C_LANGUAGE_STANDARD = gnu17;
				GCC_NO_COMMON_BLOCKS = YES;
				GCC_WARN_64_TO_32_BIT_CONVERSION = YES;
				GCC_WARN_ABOUT_RETURN_TYPE = YES_ERROR;
				GCC_WARN_UNDECLARED_SELECTOR = YES;
				GCC_WARN_UNINITIALIZED_AUTOS = YES_AGGRESSIVE;
				GCC_WARN_UNUSED_FUNCTION = YES;
				GCC_WARN_UNUSED_VARIABLE = YES;
				IPHONEOS_DEPLOYMENT_TARGET = 17.2;
				LOCALIZATION_PREFERS_STRING_CATALOGS = YES;
				MTL_ENABLE_DEBUG_INFO = NO;
				MTL_FAST_MATH = YES;
				SDKROOT = iphoneos;
				SWIFT_COMPILATION_MODE = wholemodule;
				VALIDATE_PRODUCT = YES;
			};
			name = Release;
		};
		65EBC8132BA9E16F004E4EF0 /* Debug */ = {
			isa = XCBuildConfiguration;
			buildSettings = {
				ASSETCATALOG_COMPILER_APPICON_NAME = AppIcon;
				ASSETCATALOG_COMPILER_GLOBAL_ACCENT_COLOR_NAME = AccentColor;
				CODE_SIGN_STYLE = Automatic;
				CURRENT_PROJECT_VERSION = 1;
				DEVELOPMENT_TEAM = 6QJFWMSLWU;
				GENERATE_INFOPLIST_FILE = YES;
				INFOPLIST_FILE = regexy/Application/Info.plist;
				INFOPLIST_KEY_UIApplicationSupportsIndirectInputEvents = YES;
				INFOPLIST_KEY_UILaunchStoryboardName = LaunchScreen.storyboard;
				INFOPLIST_KEY_UISupportedInterfaceOrientations_iPad = "UIInterfaceOrientationPortrait UIInterfaceOrientationPortraitUpsideDown UIInterfaceOrientationLandscapeLeft UIInterfaceOrientationLandscapeRight";
				INFOPLIST_KEY_UISupportedInterfaceOrientations_iPhone = "UIInterfaceOrientationPortrait UIInterfaceOrientationLandscapeLeft UIInterfaceOrientationLandscapeRight";
				LD_RUNPATH_SEARCH_PATHS = (
					"$(inherited)",
					"@executable_path/Frameworks",
				);
				MARKETING_VERSION = 1.0;
				PRODUCT_BUNDLE_IDENTIFIER = com.augustoavelino.regexy;
				PRODUCT_NAME = "$(TARGET_NAME)";
				SWIFT_EMIT_LOC_STRINGS = YES;
				SWIFT_VERSION = 5.0;
				TARGETED_DEVICE_FAMILY = "1,2";
			};
			name = Debug;
		};
		65EBC8142BA9E16F004E4EF0 /* Release */ = {
			isa = XCBuildConfiguration;
			buildSettings = {
				ASSETCATALOG_COMPILER_APPICON_NAME = AppIcon;
				ASSETCATALOG_COMPILER_GLOBAL_ACCENT_COLOR_NAME = AccentColor;
				CODE_SIGN_STYLE = Automatic;
				CURRENT_PROJECT_VERSION = 1;
				DEVELOPMENT_TEAM = 6QJFWMSLWU;
				GENERATE_INFOPLIST_FILE = YES;
				INFOPLIST_FILE = regexy/Application/Info.plist;
				INFOPLIST_KEY_UIApplicationSupportsIndirectInputEvents = YES;
				INFOPLIST_KEY_UILaunchStoryboardName = LaunchScreen.storyboard;
				INFOPLIST_KEY_UISupportedInterfaceOrientations_iPad = "UIInterfaceOrientationPortrait UIInterfaceOrientationPortraitUpsideDown UIInterfaceOrientationLandscapeLeft UIInterfaceOrientationLandscapeRight";
				INFOPLIST_KEY_UISupportedInterfaceOrientations_iPhone = "UIInterfaceOrientationPortrait UIInterfaceOrientationLandscapeLeft UIInterfaceOrientationLandscapeRight";
				LD_RUNPATH_SEARCH_PATHS = (
					"$(inherited)",
					"@executable_path/Frameworks",
				);
				MARKETING_VERSION = 1.0;
				PRODUCT_BUNDLE_IDENTIFIER = com.augustoavelino.regexy;
				PRODUCT_NAME = "$(TARGET_NAME)";
				SWIFT_EMIT_LOC_STRINGS = YES;
				SWIFT_VERSION = 5.0;
				TARGETED_DEVICE_FAMILY = "1,2";
			};
			name = Release;
		};
/* End XCBuildConfiguration section */

/* Begin XCConfigurationList section */
		65EBC7F92BA9E16E004E4EF0 /* Build configuration list for PBXProject "regexy" */ = {
			isa = XCConfigurationList;
			buildConfigurations = (
				65EBC8102BA9E16F004E4EF0 /* Debug */,
				65EBC8112BA9E16F004E4EF0 /* Release */,
			);
			defaultConfigurationIsVisible = 0;
			defaultConfigurationName = Release;
		};
		65EBC8122BA9E16F004E4EF0 /* Build configuration list for PBXNativeTarget "regexy" */ = {
			isa = XCConfigurationList;
			buildConfigurations = (
				65EBC8132BA9E16F004E4EF0 /* Debug */,
				65EBC8142BA9E16F004E4EF0 /* Release */,
			);
			defaultConfigurationIsVisible = 0;
			defaultConfigurationName = Release;
		};
/* End XCConfigurationList section */
	};
	rootObject = 65EBC7F62BA9E16E004E4EF0 /* Project object */;
}
